
Microsoft Visual Studio Solution File, Format Version 12.00
# Visual Studio Version 17
VisualStudioVersion = 17.11.35327.3
MinimumVisualStudioVersion = 10.0.40219.1
Project("{FAE04EC0-301F-11D3-BF4B-00C04F79EFBC}") = "Puntaje2", "Puntaje2\Puntaje2.csproj", "{5BB46D20-1049-43A5-9046-38D776817134}"
EndProject
Global
	GlobalSection(SolutionConfigurationPlatforms) = preSolution
		Debug|Any CPU = Debug|Any CPU
		Release|Any CPU = Release|Any CPU
	EndGlobalSection
	GlobalSection(ProjectConfigurationPlatforms) = postSolution
		{5BB46D20-1049-43A5-9046-38D776817134}.Debug|Any CPU.ActiveCfg = Debug|Any CPU
		{5BB46D20-1049-43A5-9046-38D776817134}.Debug|Any CPU.Build.0 = Debug|Any CPU
		{5BB46D20-1049-43A5-9046-38D776817134}.Release|Any CPU.ActiveCfg = Release|Any CPU
		{5BB46D20-1049-43A5-9046-38D776817134}.Release|Any CPU.Build.0 = Release|Any CPU
	EndGlobalSection
	GlobalSection(SolutionProperties) = preSolution
		HideSolutionNode = FALSE
	EndGlobalSection
	GlobalSection(ExtensibilityGlobals) = postSolution
		SolutionGuid = {904FAA5C-C9DD-4613-853C-AEB52A53BD40}
	EndGlobalSection
EndGlobal
