
Microsoft Visual Studio Solution File, Format Version 12.00
# Visual Studio Version 17
VisualStudioVersion = 17.11.35327.3
MinimumVisualStudioVersion = 10.0.40219.1
Project("{FAE04EC0-301F-11D3-BF4B-00C04F79EFBC}") = "Billetes2024", "Billetes2024\Billetes2024.csproj", "{0BDADD9C-C14D-48E3-A3B8-8C5EFF848867}"
EndProject
Global
	GlobalSection(SolutionConfigurationPlatforms) = preSolution
		Debug|Any CPU = Debug|Any CPU
		Release|Any CPU = Release|Any CPU
	EndGlobalSection
	GlobalSection(ProjectConfigurationPlatforms) = postSolution
		{0BDADD9C-C14D-48E3-A3B8-8C5EFF848867}.Debug|Any CPU.ActiveCfg = Debug|Any CPU
		{0BDADD9C-C14D-48E3-A3B8-8C5EFF848867}.Debug|Any CPU.Build.0 = Debug|Any CPU
		{0BDADD9C-C14D-48E3-A3B8-8C5EFF848867}.Release|Any CPU.ActiveCfg = Release|Any CPU
		{0BDADD9C-C14D-48E3-A3B8-8C5EFF848867}.Release|Any CPU.Build.0 = Release|Any CPU
	EndGlobalSection
	GlobalSection(SolutionProperties) = preSolution
		HideSolutionNode = FALSE
	EndGlobalSection
	GlobalSection(ExtensibilityGlobals) = postSolution
		SolutionGuid = {376C1CA0-6F53-495F-BAC8-A730E9939A39}
	EndGlobalSection
EndGlobal
